<?xml version="1.0" encoding="utf-8"?>
<Project ToolsVersion="4.0" xmlns="http://schemas.microsoft.com/developer/msbuild/2003">
  <ItemGroup>
    <Filter Include="Source Files">
      <UniqueIdentifier>{4FC737F1-C7A5-4376-A066-2A32D752A2FF}</UniqueIdentifier>
      <Extensions>cpp;c;cc;cxx;def;odl;idl;hpj;bat;asm;asmx</Extensions>
    </Filter>
    <Filter Include="Header Files">
      <UniqueIdentifier>{93995380-89BD-4b04-88EB-625FBE52EBFB}</UniqueIdentifier>
      <Extensions>h;hpp;hxx;hm;inl;inc;xsd</Extensions>
    </Filter>
  </ItemGroup>
  <ItemGroup>
    <ClCompile Include="..\Source\_FindFirst.cpp">
      <Filter>Source Files</Filter>
    </ClCompile>
    <ClCompile Include="..\Source\Base64Encoder.cpp">
      <Filter>Source Files</Filter>
    </ClCompile>
    <ClCompile Include="..\Source\BitStream.cpp">
      <Filter>Source Files</Filter>
    </ClCompile>
    <ClCompile Include="..\Source\CCRakNetSlidingWindow.cpp">
      <Filter>Source Files</Filter>
    </ClCompile>
    <ClCompile Include="..\Source\CCRakNetUDT.cpp">
      <Filter>Source Files</Filter>
    </ClCompile>
    <ClCompile Include="..\Source\CheckSum.cpp">
      <Filter>Source Files</Filter>
    </ClCompile>
    <ClCompile Include="..\Source\CloudClient.cpp">
      <Filter>Source Files</Filter>
    </ClCompile>
    <ClCompile Include="..\Source\CloudCommon.cpp">
      <Filter>Source Files</Filter>
    </ClCompile>
    <ClCompile Include="..\Source\CloudServer.cpp">
      <Filter>Source Files</Filter>
    </ClCompile>
    <ClCompile Include="..\Source\CommandParserInterface.cpp">
      <Filter>Source Files</Filter>
    </ClCompile>
    <ClCompile Include="..\Source\ConnectionGraph2.cpp">
      <Filter>Source Files</Filter>
    </ClCompile>
    <ClCompile Include="..\Source\ConsoleServer.cpp">
      <Filter>Source Files</Filter>
    </ClCompile>
    <ClCompile Include="..\Source\DataCompressor.cpp">
      <Filter>Source Files</Filter>
    </ClCompile>
    <ClCompile Include="..\Source\DirectoryDeltaTransfer.cpp">
      <Filter>Source Files</Filter>
    </ClCompile>
    <ClCompile Include="..\Source\DS_BytePool.cpp">
      <Filter>Source Files</Filter>
    </ClCompile>
    <ClCompile Include="..\Source\DS_ByteQueue.cpp">
      <Filter>Source Files</Filter>
    </ClCompile>
    <ClCompile Include="..\Source\DS_HuffmanEncodingTree.cpp">
      <Filter>Source Files</Filter>
    </ClCompile>
    <ClCompile Include="..\Source\DS_Table.cpp">
      <Filter>Source Files</Filter>
    </ClCompile>
    <ClCompile Include="..\Source\DynDNS.cpp">
      <Filter>Source Files</Filter>
    </ClCompile>
    <ClCompile Include="..\Source\EmailSender.cpp">
      <Filter>Source Files</Filter>
    </ClCompile>
    <ClCompile Include="..\Source\EpochTimeToString.cpp">
      <Filter>Source Files</Filter>
    </ClCompile>
    <ClCompile Include="..\Source\FileList.cpp">
      <Filter>Source Files</Filter>
    </ClCompile>
    <ClCompile Include="..\Source\FileListTransfer.cpp">
      <Filter>Source Files</Filter>
    </ClCompile>
    <ClCompile Include="..\Source\FileOperations.cpp">
      <Filter>Source Files</Filter>
    </ClCompile>
    <ClCompile Include="..\Source\FormatString.cpp">
      <Filter>Source Files</Filter>
    </ClCompile>
    <ClCompile Include="..\Source\FullyConnectedMesh2.cpp">
      <Filter>Source Files</Filter>
    </ClCompile>
    <ClCompile Include="..\Source\Getche.cpp">
      <Filter>Source Files</Filter>
    </ClCompile>
    <ClCompile Include="..\Source\Gets.cpp">
      <Filter>Source Files</Filter>
    </ClCompile>
    <ClCompile Include="..\Source\GetTime.cpp">
      <Filter>Source Files</Filter>
    </ClCompile>
    <ClCompile Include="..\Source\gettimeofday.cpp">
      <Filter>Source Files</Filter>
    </ClCompile>
    <ClCompile Include="..\Source\GridSectorizer.cpp">
      <Filter>Source Files</Filter>
    </ClCompile>
    <ClCompile Include="..\Source\HTTPConnection.cpp">
      <Filter>Source Files</Filter>
    </ClCompile>
    <ClCompile Include="..\Source\HTTPConnection2.cpp">
      <Filter>Source Files</Filter>
    </ClCompile>
    <ClCompile Include="..\Source\IncrementalReadInterface.cpp">
      <Filter>Source Files</Filter>
    </ClCompile>
    <ClCompile Include="..\Source\Itoa.cpp">
      <Filter>Source Files</Filter>
    </ClCompile>
    <ClCompile Include="..\Source\LinuxStrings.cpp">
      <Filter>Source Files</Filter>
    </ClCompile>
    <ClCompile Include="..\Source\LocklessTypes.cpp">
      <Filter>Source Files</Filter>
    </ClCompile>
    <ClCompile Include="..\Source\LogCommandParser.cpp">
      <Filter>Source Files</Filter>
    </ClCompile>
    <ClCompile Include="..\Source\MessageFilter.cpp">
      <Filter>Source Files</Filter>
    </ClCompile>
    <ClCompile Include="..\Source\NatPunchthroughClient.cpp">
      <Filter>Source Files</Filter>
    </ClCompile>
    <ClCompile Include="..\Source\NatPunchthroughServer.cpp">
      <Filter>Source Files</Filter>
    </ClCompile>
    <ClCompile Include="..\Source\NatTypeDetectionClient.cpp">
      <Filter>Source Files</Filter>
    </ClCompile>
    <ClCompile Include="..\Source\NatTypeDetectionCommon.cpp">
      <Filter>Source Files</Filter>
    </ClCompile>
    <ClCompile Include="..\Source\NatTypeDetectionServer.cpp">
      <Filter>Source Files</Filter>
    </ClCompile>
    <ClCompile Include="..\Source\NetworkIDManager.cpp">
      <Filter>Source Files</Filter>
    </ClCompile>
    <ClCompile Include="..\Source\NetworkIDObject.cpp">
      <Filter>Source Files</Filter>
    </ClCompile>
    <ClCompile Include="..\Source\PacketConsoleLogger.cpp">
      <Filter>Source Files</Filter>
    </ClCompile>
    <ClCompile Include="..\Source\PacketFileLogger.cpp">
      <Filter>Source Files</Filter>
    </ClCompile>
    <ClCompile Include="..\Source\PacketizedTCP.cpp">
      <Filter>Source Files</Filter>
    </ClCompile>
    <ClCompile Include="..\Source\PacketLogger.cpp">
      <Filter>Source Files</Filter>
    </ClCompile>
    <ClCompile Include="..\Source\PacketOutputWindowLogger.cpp">
      <Filter>Source Files</Filter>
    </ClCompile>
    <ClCompile Include="..\Source\PluginInterface2.cpp">
      <Filter>Source Files</Filter>
    </ClCompile>
    <ClCompile Include="..\Source\PS4Includes.cpp">
      <Filter>Source Files</Filter>
    </ClCompile>
    <ClCompile Include="..\Source\Rackspace.cpp">
      <Filter>Source Files</Filter>
    </ClCompile>
    <ClCompile Include="..\Source\RakMemoryOverride.cpp">
      <Filter>Source Files</Filter>
    </ClCompile>
    <ClCompile Include="..\Source\RakNetCommandParser.cpp">
      <Filter>Source Files</Filter>
    </ClCompile>
    <ClCompile Include="..\Source\RakNetSocket.cpp">
      <Filter>Source Files</Filter>
    </ClCompile>
    <ClCompile Include="..\Source\RakNetSocket2.cpp">
      <Filter>Source Files</Filter>
    </ClCompile>
    <ClCompile Include="..\Source\RakNetSocket2_360_720.cpp">
      <Filter>Source Files</Filter>
    </ClCompile>
    <ClCompile Include="..\Source\RakNetSocket2_Berkley.cpp">
      <Filter>Source Files</Filter>
    </ClCompile>
    <ClCompile Include="..\Source\RakNetSocket2_Berkley_NativeClient.cpp">
      <Filter>Source Files</Filter>
    </ClCompile>
    <ClCompile Include="..\Source\RakNetSocket2_NativeClient.cpp">
      <Filter>Source Files</Filter>
    </ClCompile>
    <ClCompile Include="..\Source\RakNetSocket2_PS3_PS4.cpp">
      <Filter>Source Files</Filter>
    </ClCompile>
    <ClCompile Include="..\Source\RakNetSocket2_PS4.cpp">
      <Filter>Source Files</Filter>
    </ClCompile>
    <ClCompile Include="..\Source\RakNetSocket2_Vita.cpp">
      <Filter>Source Files</Filter>
    </ClCompile>
    <ClCompile Include="..\Source\RakNetSocket2_Windows_Linux.cpp">
      <Filter>Source Files</Filter>
    </ClCompile>
    <ClCompile Include="..\Source\RakNetSocket2_Windows_Linux_360.cpp">
      <Filter>Source Files</Filter>
    </ClCompile>
    <ClCompile Include="..\Source\RakNetSocket2_WindowsStore8.cpp">
      <Filter>Source Files</Filter>
    </ClCompile>
    <ClCompile Include="..\Source\RakNetStatistics.cpp">
      <Filter>Source Files</Filter>
    </ClCompile>
    <ClCompile Include="..\Source\RakNetTransport2.cpp">
      <Filter>Source Files</Filter>
    </ClCompile>
    <ClCompile Include="..\Source\RakNetTypes.cpp">
      <Filter>Source Files</Filter>
    </ClCompile>
    <ClCompile Include="..\Source\RakPeer.cpp">
      <Filter>Source Files</Filter>
    </ClCompile>
    <ClCompile Include="..\Source\RakSleep.cpp">
      <Filter>Source Files</Filter>
    </ClCompile>
    <ClCompile Include="..\Source\RakString.cpp">
      <Filter>Source Files</Filter>
    </ClCompile>
    <ClCompile Include="..\Source\RakThread.cpp">
      <Filter>Source Files</Filter>
    </ClCompile>
    <ClCompile Include="..\Source\RakWString.cpp">
      <Filter>Source Files</Filter>
    </ClCompile>
    <ClCompile Include="..\Source\Rand.cpp">
      <Filter>Source Files</Filter>
    </ClCompile>
    <ClCompile Include="..\Source\ReadyEvent.cpp">
      <Filter>Source Files</Filter>
    </ClCompile>
    <ClCompile Include="..\Source\RelayPlugin.cpp">
      <Filter>Source Files</Filter>
    </ClCompile>
    <ClCompile Include="..\Source\ReliabilityLayer.cpp">
      <Filter>Source Files</Filter>
    </ClCompile>
    <ClCompile Include="..\Source\ReplicaManager3.cpp">
      <Filter>Source Files</Filter>
    </ClCompile>
    <ClCompile Include="..\Source\Router2.cpp">
      <Filter>Source Files</Filter>
    </ClCompile>
    <ClCompile Include="..\Source\RPC4Plugin.cpp">
      <Filter>Source Files</Filter>
    </ClCompile>
    <ClCompile Include="..\Source\SecureHandshake.cpp">
      <Filter>Source Files</Filter>
    </ClCompile>
    <ClCompile Include="..\Source\SendToThread.cpp">
      <Filter>Source Files</Filter>
    </ClCompile>
    <ClCompile Include="..\Source\SHA1.cpp">
      <Filter>Source Files</Filter>
    </ClCompile>
    <ClCompile Include="..\Source\SignaledEvent.cpp">
      <Filter>Source Files</Filter>
    </ClCompile>
    <ClCompile Include="..\Source\SimpleMutex.cpp">
      <Filter>Source Files</Filter>
    </ClCompile>
    <ClCompile Include="..\Source\SocketLayer.cpp">
      <Filter>Source Files</Filter>
    </ClCompile>
    <ClCompile Include="..\Source\StatisticsHistory.cpp">
      <Filter>Source Files</Filter>
    </ClCompile>
    <ClCompile Include="..\Source\StringCompressor.cpp">
      <Filter>Source Files</Filter>
    </ClCompile>
    <ClCompile Include="..\Source\StringTable.cpp">
      <Filter>Source Files</Filter>
    </ClCompile>
    <ClCompile Include="..\Source\SuperFastHash.cpp">
      <Filter>Source Files</Filter>
    </ClCompile>
    <ClCompile Include="..\Source\TableSerializer.cpp">
      <Filter>Source Files</Filter>
    </ClCompile>
    <ClCompile Include="..\Source\TCPInterface.cpp">
      <Filter>Source Files</Filter>
    </ClCompile>
    <ClCompile Include="..\Source\TeamBalancer.cpp">
      <Filter>Source Files</Filter>
    </ClCompile>
    <ClCompile Include="..\Source\TeamManager.cpp">
      <Filter>Source Files</Filter>
    </ClCompile>
    <ClCompile Include="..\Source\TelnetTransport.cpp">
      <Filter>Source Files</Filter>
    </ClCompile>
    <ClCompile Include="..\Source\ThreadsafePacketLogger.cpp">
      <Filter>Source Files</Filter>
    </ClCompile>
    <ClCompile Include="..\Source\TwoWayAuthentication.cpp">
      <Filter>Source Files</Filter>
    </ClCompile>
    <ClCompile Include="..\Source\UDPForwarder.cpp">
      <Filter>Source Files</Filter>
    </ClCompile>
    <ClCompile Include="..\Source\UDPProxyClient.cpp">
      <Filter>Source Files</Filter>
    </ClCompile>
    <ClCompile Include="..\Source\UDPProxyCoordinator.cpp">
      <Filter>Source Files</Filter>
    </ClCompile>
    <ClCompile Include="..\Source\UDPProxyServer.cpp">
      <Filter>Source Files</Filter>
    </ClCompile>
    <ClCompile Include="..\Source\UdpService.cpp">
      <Filter>Source Files</Filter>
    </ClCompile>
    <ClCompile Include="..\Source\VariableDeltaSerializer.cpp">
      <Filter>Source Files</Filter>
    </ClCompile>
    <ClCompile Include="..\Source\VariableListDeltaTracker.cpp">
      <Filter>Source Files</Filter>
    </ClCompile>
    <ClCompile Include="..\Source\VariadicSQLParser.cpp">
      <Filter>Source Files</Filter>
    </ClCompile>
    <ClCompile Include="..\Source\VitaIncludes.cpp">
      <Filter>Source Files</Filter>
    </ClCompile>
    <ClCompile Include="..\Source\WSAStartupSingleton.cpp">
      <Filter>Source Files</Filter>
    </ClCompile>
  </ItemGroup>
  <ItemGroup>
    <ClInclude Include="..\include\_FindFirst.h">
      <Filter>Header Files</Filter>
    </ClInclude>
    <ClInclude Include="..\include\AutopatcherPatchContext.h">
      <Filter>Header Files</Filter>
    </ClInclude>
    <ClInclude Include="..\include\AutopatcherRepositoryInterface.h">
      <Filter>Header Files</Filter>
    </ClInclude>
    <ClInclude Include="..\include\Base64Encoder.h">
      <Filter>Header Files</Filter>
    </ClInclude>
    <ClInclude Include="..\include\BitStream.h">
      <Filter>Header Files</Filter>
    </ClInclude>
    <ClInclude Include="..\include\CCRakNetSlidingWindow.h">
      <Filter>Header Files</Filter>
    </ClInclude>
    <ClInclude Include="..\include\CCRakNetUDT.h">
      <Filter>Header Files</Filter>
    </ClInclude>
    <ClInclude Include="..\include\CheckSum.h">
      <Filter>Header Files</Filter>
    </ClInclude>
    <ClInclude Include="..\include\CloudClient.h">
      <Filter>Header Files</Filter>
    </ClInclude>
    <ClInclude Include="..\include\CloudCommon.h">
      <Filter>Header Files</Filter>
    </ClInclude>
    <ClInclude Include="..\include\CloudServer.h">
      <Filter>Header Files</Filter>
    </ClInclude>
    <ClInclude Include="..\include\CommandParserInterface.h">
      <Filter>Header Files</Filter>
    </ClInclude>
    <ClInclude Include="..\include\ConnectionGraph2.h">
      <Filter>Header Files</Filter>
    </ClInclude>
    <ClInclude Include="..\include\ConsoleServer.h">
      <Filter>Header Files</Filter>
    </ClInclude>
    <ClInclude Include="..\include\DataCompressor.h">
      <Filter>Header Files</Filter>
    </ClInclude>
    <ClInclude Include="..\include\DirectoryDeltaTransfer.h">
      <Filter>Header Files</Filter>
    </ClInclude>
    <ClInclude Include="..\include\DS_BinarySearchTree.h">
      <Filter>Header Files</Filter>
    </ClInclude>
    <ClInclude Include="..\include\DS_BPlusTree.h">
      <Filter>Header Files</Filter>
    </ClInclude>
    <ClInclude Include="..\include\DS_BytePool.h">
      <Filter>Header Files</Filter>
    </ClInclude>
    <ClInclude Include="..\include\DS_ByteQueue.h">
      <Filter>Header Files</Filter>
    </ClInclude>
    <ClInclude Include="..\include\DS_Hash.h">
      <Filter>Header Files</Filter>
    </ClInclude>
    <ClInclude Include="..\include\DS_Heap.h">
      <Filter>Header Files</Filter>
    </ClInclude>
    <ClInclude Include="..\include\DS_HuffmanEncodingTree.h">
      <Filter>Header Files</Filter>
    </ClInclude>
    <ClInclude Include="..\include\DS_HuffmanEncodingTreeFactory.h">
      <Filter>Header Files</Filter>
    </ClInclude>
    <ClInclude Include="..\include\DS_HuffmanEncodingTreeNode.h">
      <Filter>Header Files</Filter>
    </ClInclude>
    <ClInclude Include="..\include\DS_LinkedList.h">
      <Filter>Header Files</Filter>
    </ClInclude>
    <ClInclude Include="..\include\DS_List.h">
      <Filter>Header Files</Filter>
    </ClInclude>
    <ClInclude Include="..\include\DS_Map.h">
      <Filter>Header Files</Filter>
    </ClInclude>
    <ClInclude Include="..\include\DS_MemoryPool.h">
      <Filter>Header Files</Filter>
    </ClInclude>
    <ClInclude Include="..\include\DS_Multilist.h">
      <Filter>Header Files</Filter>
    </ClInclude>
    <ClInclude Include="..\include\DS_OrderedChannelHeap.h">
      <Filter>Header Files</Filter>
    </ClInclude>
    <ClInclude Include="..\include\DS_OrderedList.h">
      <Filter>Header Files</Filter>
    </ClInclude>
    <ClInclude Include="..\include\DS_Queue.h">
      <Filter>Header Files</Filter>
    </ClInclude>
    <ClInclude Include="..\include\DS_QueueLinkedList.h">
      <Filter>Header Files</Filter>
    </ClInclude>
    <ClInclude Include="..\include\DS_RangeList.h">
      <Filter>Header Files</Filter>
    </ClInclude>
    <ClInclude Include="..\include\DS_Table.h">
      <Filter>Header Files</Filter>
    </ClInclude>
    <ClInclude Include="..\include\DS_ThreadsafeAllocatingQueue.h">
      <Filter>Header Files</Filter>
    </ClInclude>
    <ClInclude Include="..\include\DS_Tree.h">
      <Filter>Header Files</Filter>
    </ClInclude>
    <ClInclude Include="..\include\DS_WeightedGraph.h">
      <Filter>Header Files</Filter>
    </ClInclude>
    <ClInclude Include="..\include\DynDNS.h">
      <Filter>Header Files</Filter>
    </ClInclude>
    <ClInclude Include="..\include\EmailSender.h">
      <Filter>Header Files</Filter>
    </ClInclude>
    <ClInclude Include="..\include\EmptyHeader.h">
      <Filter>Header Files</Filter>
    </ClInclude>
    <ClInclude Include="..\include\EpochTimeToString.h">
      <Filter>Header Files</Filter>
    </ClInclude>
    <ClInclude Include="..\include\Export.h">
      <Filter>Header Files</Filter>
    </ClInclude>
    <ClInclude Include="..\include\FileList.h">
      <Filter>Header Files</Filter>
    </ClInclude>
    <ClInclude Include="..\include\FileListNodeContext.h">
      <Filter>Header Files</Filter>
    </ClInclude>
    <ClInclude Include="..\include\FileListTransfer.h">
      <Filter>Header Files</Filter>
    </ClInclude>
    <ClInclude Include="..\include\FileListTransferCBInterface.h">
      <Filter>Header Files</Filter>
    </ClInclude>
    <ClInclude Include="..\include\FileOperations.h">
      <Filter>Header Files</Filter>
    </ClInclude>
    <ClInclude Include="..\include\FormatString.h">
      <Filter>Header Files</Filter>
    </ClInclude>
    <ClInclude Include="..\include\FullyConnectedMesh2.h">
      <Filter>Header Files</Filter>
    </ClInclude>
    <ClInclude Include="..\include\Getche.h">
      <Filter>Header Files</Filter>
    </ClInclude>
    <ClInclude Include="..\include\Gets.h">
      <Filter>Header Files</Filter>
    </ClInclude>
    <ClInclude Include="..\include\GetTime.h">
      <Filter>Header Files</Filter>
    </ClInclude>
    <ClInclude Include="..\include\gettimeofday.h">
      <Filter>Header Files</Filter>
    </ClInclude>
    <ClInclude Include="..\include\GridSectorizer.h">
      <Filter>Header Files</Filter>
    </ClInclude>
    <ClInclude Include="..\include\HTTPConnection.h">
      <Filter>Header Files</Filter>
    </ClInclude>
    <ClInclude Include="..\include\HTTPConnection2.h">
      <Filter>Header Files</Filter>
    </ClInclude>
    <ClInclude Include="..\include\IncrementalReadInterface.h">
      <Filter>Header Files</Filter>
    </ClInclude>
    <ClInclude Include="..\include\InternalPacket.h">
      <Filter>Header Files</Filter>
    </ClInclude>
    <ClInclude Include="..\include\Itoa.h">
      <Filter>Header Files</Filter>
    </ClInclude>
    <ClInclude Include="..\include\Kbhit.h">
      <Filter>Header Files</Filter>
    </ClInclude>
    <ClInclude Include="..\include\LinuxStrings.h">
      <Filter>Header Files</Filter>
    </ClInclude>
    <ClInclude Include="..\include\LocklessTypes.h">
      <Filter>Header Files</Filter>
    </ClInclude>
    <ClInclude Include="..\include\LogCommandParser.h">
      <Filter>Header Files</Filter>
    </ClInclude>
    <ClInclude Include="..\include\MessageFilter.h">
      <Filter>Header Files</Filter>
    </ClInclude>
    <ClInclude Include="..\include\MessageIdentifiers.h">
      <Filter>Header Files</Filter>
    </ClInclude>
    <ClInclude Include="..\include\MTUSize.h">
      <Filter>Header Files</Filter>
    </ClInclude>
    <ClInclude Include="..\include\NativeFeatureIncludes.h">
      <Filter>Header Files</Filter>
    </ClInclude>
    <ClInclude Include="..\include\NativeFeatureIncludesOverrides.h">
      <Filter>Header Files</Filter>
    </ClInclude>
    <ClInclude Include="..\include\NativeTypes.h">
      <Filter>Header Files</Filter>
    </ClInclude>
    <ClInclude Include="..\include\NatPunchthroughClient.h">
      <Filter>Header Files</Filter>
    </ClInclude>
    <ClInclude Include="..\include\NatPunchthroughServer.h">
      <Filter>Header Files</Filter>
    </ClInclude>
    <ClInclude Include="..\include\NatTypeDetectionClient.h">
      <Filter>Header Files</Filter>
    </ClInclude>
    <ClInclude Include="..\include\NatTypeDetectionCommon.h">
      <Filter>Header Files</Filter>
    </ClInclude>
    <ClInclude Include="..\include\NatTypeDetectionServer.h">
      <Filter>Header Files</Filter>
    </ClInclude>
    <ClInclude Include="..\include\NetworkIDManager.h">
      <Filter>Header Files</Filter>
    </ClInclude>
    <ClInclude Include="..\include\NetworkIDObject.h">
      <Filter>Header Files</Filter>
    </ClInclude>
    <ClInclude Include="..\include\PacketConsoleLogger.h">
      <Filter>Header Files</Filter>
    </ClInclude>
    <ClInclude Include="..\include\PacketFileLogger.h">
      <Filter>Header Files</Filter>
    </ClInclude>
    <ClInclude Include="..\include\PacketizedTCP.h">
      <Filter>Header Files</Filter>
    </ClInclude>
    <ClInclude Include="..\include\PacketLogger.h">
      <Filter>Header Files</Filter>
    </ClInclude>
    <ClInclude Include="..\include\PacketOutputWindowLogger.h">
      <Filter>Header Files</Filter>
    </ClInclude>
    <ClInclude Include="..\include\PacketPool.h">
      <Filter>Header Files</Filter>
    </ClInclude>
    <ClInclude Include="..\include\PacketPriority.h">
      <Filter>Header Files</Filter>
    </ClInclude>
    <ClInclude Include="..\include\PluginInterface2.h">
      <Filter>Header Files</Filter>
    </ClInclude>
    <ClInclude Include="..\include\PS3Includes.h">
      <Filter>Header Files</Filter>
    </ClInclude>
    <ClInclude Include="..\include\PS4Includes.h">
      <Filter>Header Files</Filter>
    </ClInclude>
    <ClInclude Include="..\include\Rackspace.h">
      <Filter>Header Files</Filter>
    </ClInclude>
    <ClInclude Include="..\include\RakAlloca.h">
      <Filter>Header Files</Filter>
    </ClInclude>
    <ClInclude Include="..\include\RakAssert.h">
      <Filter>Header Files</Filter>
    </ClInclude>
    <ClInclude Include="..\include\RakMemoryOverride.h">
      <Filter>Header Files</Filter>
    </ClInclude>
    <ClInclude Include="..\include\RakNetCommandParser.h">
      <Filter>Header Files</Filter>
    </ClInclude>
    <ClInclude Include="..\include\RakNetDefines.h">
      <Filter>Header Files</Filter>
    </ClInclude>
    <ClInclude Include="..\include\RakNetDefinesOverrides.h">
      <Filter>Header Files</Filter>
    </ClInclude>
    <ClInclude Include="..\include\RakNetSmartPtr.h">
      <Filter>Header Files</Filter>
    </ClInclude>
    <ClInclude Include="..\include\RakNetSocket.h">
      <Filter>Header Files</Filter>
    </ClInclude>
    <ClInclude Include="..\include\RakNetSocket2.h">
      <Filter>Header Files</Filter>
    </ClInclude>
    <ClInclude Include="..\include\RakNetStatistics.h">
      <Filter>Header Files</Filter>
    </ClInclude>
    <ClInclude Include="..\include\RakNetTime.h">
      <Filter>Header Files</Filter>
    </ClInclude>
    <ClInclude Include="..\include\RakNetTransport2.h">
      <Filter>Header Files</Filter>
    </ClInclude>
    <ClInclude Include="..\include\RakNetTypes.h">
      <Filter>Header Files</Filter>
    </ClInclude>
    <ClInclude Include="..\include\RakNetVersion.h">
      <Filter>Header Files</Filter>
    </ClInclude>
    <ClInclude Include="..\include\RakPeer.h">
      <Filter>Header Files</Filter>
    </ClInclude>
    <ClInclude Include="..\include\RakPeerInterface.h">
      <Filter>Header Files</Filter>
    </ClInclude>
    <ClInclude Include="..\include\RakSleep.h">
      <Filter>Header Files</Filter>
    </ClInclude>
    <ClInclude Include="..\include\RakString.h">
      <Filter>Header Files</Filter>
    </ClInclude>
    <ClInclude Include="..\include\RakThread.h">
      <Filter>Header Files</Filter>
    </ClInclude>
    <ClInclude Include="..\include\RakWString.h">
      <Filter>Header Files</Filter>
    </ClInclude>
    <ClInclude Include="..\include\Rand.h">
      <Filter>Header Files</Filter>
    </ClInclude>
    <ClInclude Include="..\include\ReadyEvent.h">
      <Filter>Header Files</Filter>
    </ClInclude>
    <ClInclude Include="..\include\RefCountedObj.h">
      <Filter>Header Files</Filter>
    </ClInclude>
    <ClInclude Include="..\include\RelayPlugin.h">
      <Filter>Header Files</Filter>
    </ClInclude>
    <ClInclude Include="..\include\ReliabilityLayer.h">
      <Filter>Header Files</Filter>
    </ClInclude>
    <ClInclude Include="..\include\ReplicaEnums.h">
      <Filter>Header Files</Filter>
    </ClInclude>
    <ClInclude Include="..\include\ReplicaManager3.h">
      <Filter>Header Files</Filter>
    </ClInclude>
    <ClInclude Include="..\include\Router2.h">
      <Filter>Header Files</Filter>
    </ClInclude>
    <ClInclude Include="..\include\RPC4Plugin.h">
      <Filter>Header Files</Filter>
    </ClInclude>
    <ClInclude Include="..\include\SecureHandshake.h">
      <Filter>Header Files</Filter>
    </ClInclude>
    <ClInclude Include="..\include\SendToThread.h">
      <Filter>Header Files</Filter>
    </ClInclude>
    <ClInclude Include="..\include\SHA1.h">
      <Filter>Header Files</Filter>
    </ClInclude>
    <ClInclude Include="..\include\SignaledEvent.h">
      <Filter>Header Files</Filter>
    </ClInclude>
    <ClInclude Include="..\include\SimpleMutex.h">
      <Filter>Header Files</Filter>
    </ClInclude>
    <ClInclude Include="..\include\SimpleTCPServer.h">
      <Filter>Header Files</Filter>
    </ClInclude>
    <ClInclude Include="..\include\SingleProducerConsumer.h">
      <Filter>Header Files</Filter>
    </ClInclude>
    <ClInclude Include="..\include\SocketDefines.h">
      <Filter>Header Files</Filter>
    </ClInclude>
    <ClInclude Include="..\include\SocketIncludes.h">
      <Filter>Header Files</Filter>
    </ClInclude>
    <ClInclude Include="..\include\SocketLayer.h">
      <Filter>Header Files</Filter>
    </ClInclude>
    <ClInclude Include="..\include\StatisticsHistory.h">
      <Filter>Header Files</Filter>
    </ClInclude>
    <ClInclude Include="..\include\StringCompressor.h">
      <Filter>Header Files</Filter>
    </ClInclude>
    <ClInclude Include="..\include\StringTable.h">
      <Filter>Header Files</Filter>
    </ClInclude>
    <ClInclude Include="..\include\SuperFastHash.h">
      <Filter>Header Files</Filter>
    </ClInclude>
    <ClInclude Include="..\include\TableSerializer.h">
      <Filter>Header Files</Filter>
    </ClInclude>
    <ClInclude Include="..\include\TCPInterface.h">
      <Filter>Header Files</Filter>
    </ClInclude>
    <ClInclude Include="..\include\TeamBalancer.h">
      <Filter>Header Files</Filter>
    </ClInclude>
    <ClInclude Include="..\include\TeamManager.h">
      <Filter>Header Files</Filter>
    </ClInclude>
    <ClInclude Include="..\include\TelnetTransport.h">
      <Filter>Header Files</Filter>
    </ClInclude>
    <ClInclude Include="..\include\ThreadPool.h">
      <Filter>Header Files</Filter>
    </ClInclude>
    <ClInclude Include="..\include\ThreadsafePacketLogger.h">
      <Filter>Header Files</Filter>
    </ClInclude>
    <ClInclude Include="..\include\TransportInterface.h">
      <Filter>Header Files</Filter>
    </ClInclude>
    <ClInclude Include="..\include\TwoWayAuthentication.h">
      <Filter>Header Files</Filter>
    </ClInclude>
    <ClInclude Include="..\include\UDPForwarder.h">
      <Filter>Header Files</Filter>
    </ClInclude>
    <ClInclude Include="..\include\UDPProxyClient.h">
      <Filter>Header Files</Filter>
    </ClInclude>
    <ClInclude Include="..\include\UDPProxyCommon.h">
      <Filter>Header Files</Filter>
    </ClInclude>
    <ClInclude Include="..\include\UDPProxyCoordinator.h">
      <Filter>Header Files</Filter>
    </ClInclude>
    <ClInclude Include="..\include\UDPProxyServer.h">
      <Filter>Header Files</Filter>
    </ClInclude>
    <ClInclude Include="..\include\UdpService.h">
      <Filter>Header Files</Filter>
    </ClInclude>
    <ClInclude Include="..\include\VariableDeltaSerializer.h">
      <Filter>Header Files</Filter>
    </ClInclude>
    <ClInclude Include="..\include\VariableListDeltaTracker.h">
      <Filter>Header Files</Filter>
    </ClInclude>
    <ClInclude Include="..\include\VariadicSQLParser.h">
      <Filter>Header Files</Filter>
    </ClInclude>
    <ClInclude Include="..\include\VitaIncludes.h">
      <Filter>Header Files</Filter>
    </ClInclude>
    <ClInclude Include="..\include\WindowsIncludes.h">
      <Filter>Header Files</Filter>
    </ClInclude>
    <ClInclude Include="..\include\WSAStartupSingleton.h">
      <Filter>Header Files</Filter>
    </ClInclude>
    <ClInclude Include="..\include\XBox360Includes.h">
      <Filter>Header Files</Filter>
    </ClInclude>
  </ItemGroup>
  <ItemGroup>
    <None Include="..\Source\CMakeLists.txt" />
    <None Include="readme.txt" />
  </ItemGroup>
</Project>